
Microsoft Visual Studio Solution File, Format Version 12.00
Project("{FAE04EC0-301F-11D3-BF4B-00C04F79EFBC}") = "FetchRewardsTakeHome", "FetchRewardsTakeHome\FetchRewardsTakeHome.csproj", "{F8F11DA0-1D7D-4EC9-AD75-01294F537B72}"
EndProject
Project("{FAE04EC0-301F-11D3-BF4B-00C04F79EFBC}") = "FetchRewardsTakeHomeTests", "FetchRewardsTakeHomeTests\FetchRewardsTakeHomeTests.csproj", "{7E4F543A-6873-4E24-BD19-3F483AC6A687}"
EndProject
Global
	GlobalSection(SolutionConfigurationPlatforms) = preSolution
		Debug|Any CPU = Debug|Any CPU
		Release|Any CPU = Release|Any CPU
	EndGlobalSection
	GlobalSection(ProjectConfigurationPlatforms) = postSolution
		{F8F11DA0-1D7D-4EC9-AD75-01294F537B72}.Debug|Any CPU.ActiveCfg = Debug|Any CPU
		{F8F11DA0-1D7D-4EC9-AD75-01294F537B72}.Debug|Any CPU.Build.0 = Debug|Any CPU
		{F8F11DA0-1D7D-4EC9-AD75-01294F537B72}.Release|Any CPU.ActiveCfg = Release|Any CPU
		{F8F11DA0-1D7D-4EC9-AD75-01294F537B72}.Release|Any CPU.Build.0 = Release|Any CPU
		{7E4F543A-6873-4E24-BD19-3F483AC6A687}.Debug|Any CPU.ActiveCfg = Debug|Any CPU
		{7E4F543A-6873-4E24-BD19-3F483AC6A687}.Debug|Any CPU.Build.0 = Debug|Any CPU
		{7E4F543A-6873-4E24-BD19-3F483AC6A687}.Release|Any CPU.ActiveCfg = Release|Any CPU
		{7E4F543A-6873-4E24-BD19-3F483AC6A687}.Release|Any CPU.Build.0 = Release|Any CPU
	EndGlobalSection
EndGlobal
